// !$*UTF8*$!
{
	archiveVersion = 1;
	classes = {
	};
	objectVersion = 46;
	objects = {

/* Begin PBXBuildFile section */
		DB15B22615FFC4FB006494AD /* CXMLDocument_CreationExtensions.m in Sources */ = {isa = PBXBuildFile; fileRef = DB15B20B15FFC4FB006494AD /* CXMLDocument_CreationExtensions.m */; };
		DB15B22715FFC4FB006494AD /* CXMLNode_CreationExtensions.m in Sources */ = {isa = PBXBuildFile; fileRef = DB15B20D15FFC4FB006494AD /* CXMLNode_CreationExtensions.m */; };
		DB15B22815FFC4FB006494AD /* CXHTMLDocument.m in Sources */ = {isa = PBXBuildFile; fileRef = DB15B20F15FFC4FB006494AD /* CXHTMLDocument.m */; };
		DB15B22915FFC4FB006494AD /* CXMLDocument.m in Sources */ = {isa = PBXBuildFile; fileRef = DB15B21115FFC4FB006494AD /* CXMLDocument.m */; };
		DB15B22A15FFC4FB006494AD /* CXMLDocument_PrivateExtensions.m in Sources */ = {isa = PBXBuildFile; fileRef = DB15B21315FFC4FB006494AD /* CXMLDocument_PrivateExtensions.m */; };
		DB15B22B15FFC4FB006494AD /* CXMLElement.m in Sources */ = {isa = PBXBuildFile; fileRef = DB15B21515FFC4FB006494AD /* CXMLElement.m */; };
		DB15B22C15FFC4FB006494AD /* CXMLElement_CreationExtensions.m in Sources */ = {isa = PBXBuildFile; fileRef = DB15B21715FFC4FB006494AD /* CXMLElement_CreationExtensions.m */; };
		DB15B22D15FFC4FB006494AD /* CXMLElement_ElementTreeExtensions.m in Sources */ = {isa = PBXBuildFile; fileRef = DB15B21915FFC4FB006494AD /* CXMLElement_ElementTreeExtensions.m */; };
		DB15B22E15FFC4FB006494AD /* CXMLNamespaceNode.m in Sources */ = {isa = PBXBuildFile; fileRef = DB15B21B15FFC4FB006494AD /* CXMLNamespaceNode.m */; };
		DB15B22F15FFC4FB006494AD /* CXMLNode.m in Sources */ = {isa = PBXBuildFile; fileRef = DB15B21D15FFC4FB006494AD /* CXMLNode.m */; };
		DB15B23015FFC4FB006494AD /* CXMLNode_PrivateExtensions.m in Sources */ = {isa = PBXBuildFile; fileRef = DB15B21F15FFC4FB006494AD /* CXMLNode_PrivateExtensions.m */; };
		DB15B23115FFC4FB006494AD /* CXMLNode_XPathExtensions.m in Sources */ = {isa = PBXBuildFile; fileRef = DB15B22115FFC4FB006494AD /* CXMLNode_XPathExtensions.m */; };
		DB15B23215FFC4FB006494AD /* CTidy.m in Sources */ = {isa = PBXBuildFile; fileRef = DB15B22415FFC4FB006494AD /* CTidy.m */; };
		DB3F33D41600BF9400197CE0 /* LoadingCell.xib in Resources */ = {isa = PBXBuildFile; fileRef = DB3F33D31600BF9400197CE0 /* LoadingCell.xib */; };
		DB3F33ED1600EB4A00197CE0 /* GTMNSString+HTML.m in Sources */ = {isa = PBXBuildFile; fileRef = DB3F33EC1600EB4A00197CE0 /* GTMNSString+HTML.m */; settings = {COMPILER_FLAGS = "-fno-objc-arc"; }; };
		DB5F836615FFCD7100F7A495 /* RootViewController.m in Sources */ = {isa = PBXBuildFile; fileRef = DB5F836515FFCD7100F7A495 /* RootViewController.m */; };
		DB5F836D15FFD5C200F7A495 /* DetailViewController.m in Sources */ = {isa = PBXBuildFile; fileRef = DB5F836C15FFD5C200F7A495 /* DetailViewController.m */; };
		DBC272301601445B00782B44 /* RssItemCell.xib in Resources */ = {isa = PBXBuildFile; fileRef = DBC2722F1601445B00782B44 /* RssItemCell.xib */; };
		DBC272331601461100782B44 /* RssItemCell.m in Sources */ = {isa = PBXBuildFile; fileRef = DBC272321601461100782B44 /* RssItemCell.m */; };
		DBC2723916014F1E00782B44 /* enclosure_mask@2px.png in Resources */ = {isa = PBXBuildFile; fileRef = DBC2723716014F1E00782B44 /* enclosure_mask@2px.png */; };
		DBC2723A16014F1E00782B44 /* enclosure_mask.png in Resources */ = {isa = PBXBuildFile; fileRef = DBC2723816014F1E00782B44 /* enclosure_mask.png */; };
		DBF477441604AC3B007DDB88 /* bar_item_about.png in Resources */ = {isa = PBXBuildFile; fileRef = DBF4773C1604AC3B007DDB88 /* bar_item_about.png */; };
		DBF477451604AC3B007DDB88 /* bar_item_about@2x.png in Resources */ = {isa = PBXBuildFile; fileRef = DBF4773D1604AC3B007DDB88 /* bar_item_about@2x.png */; };
		DBF477461604AC3B007DDB88 /* bar_item_articles.png in Resources */ = {isa = PBXBuildFile; fileRef = DBF4773E1604AC3B007DDB88 /* bar_item_articles.png */; };
		DBF477471604AC3B007DDB88 /* bar_item_articles@2x.png in Resources */ = {isa = PBXBuildFile; fileRef = DBF4773F1604AC3B007DDB88 /* bar_item_articles@2x.png */; };
		DBF477481604AC3B007DDB88 /* bar_item_favoris.png in Resources */ = {isa = PBXBuildFile; fileRef = DBF477401604AC3B007DDB88 /* bar_item_favoris.png */; };
		DBF477491604AC3B007DDB88 /* bar_item_favoris@2x.png in Resources */ = {isa = PBXBuildFile; fileRef = DBF477411604AC3B007DDB88 /* bar_item_favoris@2x.png */; };
		DBF4774A1604AC3B007DDB88 /* bar_item_reglages.png in Resources */ = {isa = PBXBuildFile; fileRef = DBF477421604AC3B007DDB88 /* bar_item_reglages.png */; };
		DBF4774B1604AC3B007DDB88 /* bar_item_reglages@2x.png in Resources */ = {isa = PBXBuildFile; fileRef = DBF477431604AC3B007DDB88 /* bar_item_reglages@2x.png */; };
		DBF477511604C25A007DDB88 /* back.png in Resources */ = {isa = PBXBuildFile; fileRef = DBF4774D1604C25A007DDB88 /* back.png */; };
		DBF477521604C25A007DDB88 /* forward.png in Resources */ = {isa = PBXBuildFile; fileRef = DBF4774E1604C25A007DDB88 /* forward.png */; };
		DBF477531604C25A007DDB88 /* back@2x.png in Resources */ = {isa = PBXBuildFile; fileRef = DBF4774F1604C25A007DDB88 /* back@2x.png */; };
		DBF477541604C25A007DDB88 /* forward@2x.png in Resources */ = {isa = PBXBuildFile; fileRef = DBF477501604C25A007DDB88 /* forward@2x.png */; };
		DBF4778716061660007DDB88 /* FavoritesViewController.m in Sources */ = {isa = PBXBuildFile; fileRef = DBF4778616061660007DDB88 /* FavoritesViewController.m */; };
		DBF4778A16061AC1007DDB88 /* RSSChannelSelector.m in Sources */ = {isa = PBXBuildFile; fileRef = DBF4778916061AC1007DDB88 /* RSSChannelSelector.m */; };
		DBF4779216062B55007DDB88 /* SettingsViewController.m in Sources */ = {isa = PBXBuildFile; fileRef = DBF4779116062B55007DDB88 /* SettingsViewController.m */; };
		DBF4779816065CFF007DDB88 /* about.png in Resources */ = {isa = PBXBuildFile; fileRef = DBF4779716065CFF007DDB88 /* about.png */; };
		DBF4779B160660C6007DDB88 /* loading_rss@2x.png in Resources */ = {isa = PBXBuildFile; fileRef = DBF47799160660C6007DDB88 /* loading_rss@2x.png */; };
		DBF4779C160660C6007DDB88 /* loading_rss.png in Resources */ = {isa = PBXBuildFile; fileRef = DBF4779A160660C6007DDB88 /* loading_rss.png */; };
		DBF477AB160662FF007DDB88 /* actualites.png in Resources */ = {isa = PBXBuildFile; fileRef = DBF4779D160662FF007DDB88 /* actualites.png */; };
		DBF477AC160662FF007DDB88 /* economie.png in Resources */ = {isa = PBXBuildFile; fileRef = DBF4779E160662FF007DDB88 /* economie.png */; };
		DBF477AD160662FF007DDB88 /* international.png in Resources */ = {isa = PBXBuildFile; fileRef = DBF4779F160662FF007DDB88 /* international.png */; };
		DBF477AE160662FF007DDB88 /* politique.png in Resources */ = {isa = PBXBuildFile; fileRef = DBF477A0160662FF007DDB88 /* politique.png */; };
		DBF477AF160662FF007DDB88 /* politique@2x.png in Resources */ = {isa = PBXBuildFile; fileRef = DBF477A1160662FF007DDB88 /* politique@2x.png */; };
		DBF477B0160662FF007DDB88 /* culture.png in Resources */ = {isa = PBXBuildFile; fileRef = DBF477A2160662FF007DDB88 /* culture.png */; };
		DBF477B1160662FF007DDB88 /* litterature@2x.png in Resources */ = {isa = PBXBuildFile; fileRef = DBF477A3160662FF007DDB88 /* litterature@2x.png */; };
		DBF477B2160662FF007DDB88 /* sport.png in Resources */ = {isa = PBXBuildFile; fileRef = DBF477A4160662FF007DDB88 /* sport.png */; };
		DBF477B3160662FF007DDB88 /* Litterature.png in Resources */ = {isa = PBXBuildFile; fileRef = DBF477A5160662FF007DDB88 /* Litterature.png */; };
		DBF477B4160662FF007DDB88 /* economie@2x.png in Resources */ = {isa = PBXBuildFile; fileRef = DBF477A6160662FF007DDB88 /* economie@2x.png */; };
		DBF477B5160662FF007DDB88 /* culture@2x.png in Resources */ = {isa = PBXBuildFile; fileRef = DBF477A7160662FF007DDB88 /* culture@2x.png */; };
		DBF477B6160662FF007DDB88 /* actualites@2x.png in Resources */ = {isa = PBXBuildFile; fileRef = DBF477A8160662FF007DDB88 /* actualites@2x.png */; };
		DBF477B7160662FF007DDB88 /* sport@2x.png in Resources */ = {isa = PBXBuildFile; fileRef = DBF477A9160662FF007DDB88 /* sport@2x.png */; };
		DBF477B8160662FF007DDB88 /* international@2x.png in Resources */ = {isa = PBXBuildFile; fileRef = DBF477AA160662FF007DDB88 /* international@2x.png */; };
		DBF477BB1606656E007DDB88 /* technologie.png in Resources */ = {isa = PBXBuildFile; fileRef = DBF477B91606656E007DDB88 /* technologie.png */; };
		DBF477BC1606656E007DDB88 /* technologie@2x.png in Resources */ = {isa = PBXBuildFile; fileRef = DBF477BA1606656E007DDB88 /* technologie@2x.png */; };
		DBFCC5E015FF4F8F00D204A8 /* UIKit.framework in Frameworks */ = {isa = PBXBuildFile; fileRef = DBFCC5DF15FF4F8F00D204A8 /* UIKit.framework */; };
		DBFCC5E215FF4F8F00D204A8 /* Foundation.framework in Frameworks */ = {isa = PBXBuildFile; fileRef = DBFCC5E115FF4F8F00D204A8 /* Foundation.framework */; };
		DBFCC5E415FF4F8F00D204A8 /* CoreGraphics.framework in Frameworks */ = {isa = PBXBuildFile; fileRef = DBFCC5E315FF4F8F00D204A8 /* CoreGraphics.framework */; };
		DBFCC5EA15FF4F8F00D204A8 /* InfoPlist.strings in Resources */ = {isa = PBXBuildFile; fileRef = DBFCC5E815FF4F8F00D204A8 /* InfoPlist.strings */; };
		DBFCC5EC15FF4F8F00D204A8 /* main.m in Sources */ = {isa = PBXBuildFile; fileRef = DBFCC5EB15FF4F8F00D204A8 /* main.m */; };
		DBFCC5F015FF4F8F00D204A8 /* AppDelegate.m in Sources */ = {isa = PBXBuildFile; fileRef = DBFCC5EF15FF4F8F00D204A8 /* AppDelegate.m */; };
		DBFCC5F315FF4F8F00D204A8 /* MainStoryboard.storyboard in Resources */ = {isa = PBXBuildFile; fileRef = DBFCC5F115FF4F8F00D204A8 /* MainStoryboard.storyboard */; };
		DBFCC5FF15FF502500D204A8 /* RssLoader.m in Sources */ = {isa = PBXBuildFile; fileRef = DBFCC5FE15FF502500D204A8 /* RssLoader.m */; };
		DBFCC61615FF674600D204A8 /* RssItem.m in Sources */ = {isa = PBXBuildFile; fileRef = DBFCC61515FF674600D204A8 /* RssItem.m */; };
		DBFCC61815FF70F000D204A8 /* libxml2.dylib in Frameworks */ = {isa = PBXBuildFile; fileRef = DBFCC61715FF70F000D204A8 /* libxml2.dylib */; };
/* End PBXBuildFile section */

/* Begin PBXFileReference section */
		DB15B20A15FFC4FB006494AD /* CXMLDocument_CreationExtensions.h */ = {isa = PBXFileReference; fileEncoding = 4; lastKnownFileType = sourcecode.c.h; path = CXMLDocument_CreationExtensions.h; sourceTree = "<group>"; };
		DB15B20B15FFC4FB006494AD /* CXMLDocument_CreationExtensions.m */ = {isa = PBXFileReference; fileEncoding = 4; lastKnownFileType = sourcecode.c.objc; path = CXMLDocument_CreationExtensions.m; sourceTree = "<group>"; };
		DB15B20C15FFC4FB006494AD /* CXMLNode_CreationExtensions.h */ = {isa = PBXFileReference; fileEncoding = 4; lastKnownFileType = sourcecode.c.h; path = CXMLNode_CreationExtensions.h; sourceTree = "<group>"; };
		DB15B20D15FFC4FB006494AD /* CXMLNode_CreationExtensions.m */ = {isa = PBXFileReference; fileEncoding = 4; lastKnownFileType = sourcecode.c.objc; path = CXMLNode_CreationExtensions.m; sourceTree = "<group>"; };
		DB15B20E15FFC4FB006494AD /* CXHTMLDocument.h */ = {isa = PBXFileReference; fileEncoding = 4; lastKnownFileType = sourcecode.c.h; path = CXHTMLDocument.h; sourceTree = "<group>"; };
		DB15B20F15FFC4FB006494AD /* CXHTMLDocument.m */ = {isa = PBXFileReference; fileEncoding = 4; lastKnownFileType = sourcecode.c.objc; path = CXHTMLDocument.m; sourceTree = "<group>"; };
		DB15B21015FFC4FB006494AD /* CXMLDocument.h */ = {isa = PBXFileReference; fileEncoding = 4; lastKnownFileType = sourcecode.c.h; path = CXMLDocument.h; sourceTree = "<group>"; };
		DB15B21115FFC4FB006494AD /* CXMLDocument.m */ = {isa = PBXFileReference; fileEncoding = 4; lastKnownFileType = sourcecode.c.objc; path = CXMLDocument.m; sourceTree = "<group>"; };
		DB15B21215FFC4FB006494AD /* CXMLDocument_PrivateExtensions.h */ = {isa = PBXFileReference; fileEncoding = 4; lastKnownFileType = sourcecode.c.h; path = CXMLDocument_PrivateExtensions.h; sourceTree = "<group>"; };
		DB15B21315FFC4FB006494AD /* CXMLDocument_PrivateExtensions.m */ = {isa = PBXFileReference; fileEncoding = 4; lastKnownFileType = sourcecode.c.objc; path = CXMLDocument_PrivateExtensions.m; sourceTree = "<group>"; };
		DB15B21415FFC4FB006494AD /* CXMLElement.h */ = {isa = PBXFileReference; fileEncoding = 4; lastKnownFileType = sourcecode.c.h; path = CXMLElement.h; sourceTree = "<group>"; };
		DB15B21515FFC4FB006494AD /* CXMLElement.m */ = {isa = PBXFileReference; fileEncoding = 4; lastKnownFileType = sourcecode.c.objc; path = CXMLElement.m; sourceTree = "<group>"; };
		DB15B21615FFC4FB006494AD /* CXMLElement_CreationExtensions.h */ = {isa = PBXFileReference; fileEncoding = 4; lastKnownFileType = sourcecode.c.h; path = CXMLElement_CreationExtensions.h; sourceTree = "<group>"; };
		DB15B21715FFC4FB006494AD /* CXMLElement_CreationExtensions.m */ = {isa = PBXFileReference; fileEncoding = 4; lastKnownFileType = sourcecode.c.objc; path = CXMLElement_CreationExtensions.m; sourceTree = "<group>"; };
		DB15B21815FFC4FB006494AD /* CXMLElement_ElementTreeExtensions.h */ = {isa = PBXFileReference; fileEncoding = 4; lastKnownFileType = sourcecode.c.h; path = CXMLElement_ElementTreeExtensions.h; sourceTree = "<group>"; };
		DB15B21915FFC4FB006494AD /* CXMLElement_ElementTreeExtensions.m */ = {isa = PBXFileReference; fileEncoding = 4; lastKnownFileType = sourcecode.c.objc; path = CXMLElement_ElementTreeExtensions.m; sourceTree = "<group>"; };
		DB15B21A15FFC4FB006494AD /* CXMLNamespaceNode.h */ = {isa = PBXFileReference; fileEncoding = 4; lastKnownFileType = sourcecode.c.h; path = CXMLNamespaceNode.h; sourceTree = "<group>"; };
		DB15B21B15FFC4FB006494AD /* CXMLNamespaceNode.m */ = {isa = PBXFileReference; fileEncoding = 4; lastKnownFileType = sourcecode.c.objc; path = CXMLNamespaceNode.m; sourceTree = "<group>"; };
		DB15B21C15FFC4FB006494AD /* CXMLNode.h */ = {isa = PBXFileReference; fileEncoding = 4; lastKnownFileType = sourcecode.c.h; path = CXMLNode.h; sourceTree = "<group>"; };
		DB15B21D15FFC4FB006494AD /* CXMLNode.m */ = {isa = PBXFileReference; fileEncoding = 4; lastKnownFileType = sourcecode.c.objc; path = CXMLNode.m; sourceTree = "<group>"; };
		DB15B21E15FFC4FB006494AD /* CXMLNode_PrivateExtensions.h */ = {isa = PBXFileReference; fileEncoding = 4; lastKnownFileType = sourcecode.c.h; path = CXMLNode_PrivateExtensions.h; sourceTree = "<group>"; };
		DB15B21F15FFC4FB006494AD /* CXMLNode_PrivateExtensions.m */ = {isa = PBXFileReference; fileEncoding = 4; lastKnownFileType = sourcecode.c.objc; path = CXMLNode_PrivateExtensions.m; sourceTree = "<group>"; };
		DB15B22015FFC4FB006494AD /* CXMLNode_XPathExtensions.h */ = {isa = PBXFileReference; fileEncoding = 4; lastKnownFileType = sourcecode.c.h; path = CXMLNode_XPathExtensions.h; sourceTree = "<group>"; };
		DB15B22115FFC4FB006494AD /* CXMLNode_XPathExtensions.m */ = {isa = PBXFileReference; fileEncoding = 4; lastKnownFileType = sourcecode.c.objc; path = CXMLNode_XPathExtensions.m; sourceTree = "<group>"; };
		DB15B22315FFC4FB006494AD /* CTidy.h */ = {isa = PBXFileReference; fileEncoding = 4; lastKnownFileType = sourcecode.c.h; path = CTidy.h; sourceTree = "<group>"; };
		DB15B22415FFC4FB006494AD /* CTidy.m */ = {isa = PBXFileReference; fileEncoding = 4; lastKnownFileType = sourcecode.c.objc; path = CTidy.m; sourceTree = "<group>"; };
		DB15B22515FFC4FB006494AD /* TouchXML.h */ = {isa = PBXFileReference; fileEncoding = 4; lastKnownFileType = sourcecode.c.h; path = TouchXML.h; sourceTree = "<group>"; };
		DB3F33D31600BF9400197CE0 /* LoadingCell.xib */ = {isa = PBXFileReference; fileEncoding = 4; lastKnownFileType = file.xib; path = LoadingCell.xib; sourceTree = "<group>"; };
		DB3F33EB1600EB4A00197CE0 /* GTMNSString+HTML.h */ = {isa = PBXFileReference; fileEncoding = 4; lastKnownFileType = sourcecode.c.h; path = "GTMNSString+HTML.h"; sourceTree = "<group>"; };
		DB3F33EC1600EB4A00197CE0 /* GTMNSString+HTML.m */ = {isa = PBXFileReference; fileEncoding = 4; lastKnownFileType = sourcecode.c.objc; path = "GTMNSString+HTML.m"; sourceTree = "<group>"; };
		DB5F836415FFCD7100F7A495 /* RootViewController.h */ = {isa = PBXFileReference; fileEncoding = 4; lastKnownFileType = sourcecode.c.h; path = RootViewController.h; sourceTree = "<group>"; };
		DB5F836515FFCD7100F7A495 /* RootViewController.m */ = {isa = PBXFileReference; fileEncoding = 4; lastKnownFileType = sourcecode.c.objc; path = RootViewController.m; sourceTree = "<group>"; };
		DB5F836B15FFD5C200F7A495 /* DetailViewController.h */ = {isa = PBXFileReference; fileEncoding = 4; lastKnownFileType = sourcecode.c.h; path = DetailViewController.h; sourceTree = "<group>"; };
		DB5F836C15FFD5C200F7A495 /* DetailViewController.m */ = {isa = PBXFileReference; fileEncoding = 4; lastKnownFileType = sourcecode.c.objc; path = DetailViewController.m; sourceTree = "<group>"; };
		DBC2722F1601445B00782B44 /* RssItemCell.xib */ = {isa = PBXFileReference; fileEncoding = 4; lastKnownFileType = file.xib; path = RssItemCell.xib; sourceTree = "<group>"; };
		DBC272311601461100782B44 /* RssItemCell.h */ = {isa = PBXFileReference; fileEncoding = 4; lastKnownFileType = sourcecode.c.h; path = RssItemCell.h; sourceTree = "<group>"; };
		DBC272321601461100782B44 /* RssItemCell.m */ = {isa = PBXFileReference; fileEncoding = 4; lastKnownFileType = sourcecode.c.objc; path = RssItemCell.m; sourceTree = "<group>"; };
		DBC2723716014F1E00782B44 /* enclosure_mask@2px.png */ = {isa = PBXFileReference; lastKnownFileType = image.png; path = "enclosure_mask@2px.png"; sourceTree = "<group>"; };
		DBC2723816014F1E00782B44 /* enclosure_mask.png */ = {isa = PBXFileReference; lastKnownFileType = image.png; path = enclosure_mask.png; sourceTree = "<group>"; };
		DBF4773C1604AC3B007DDB88 /* bar_item_about.png */ = {isa = PBXFileReference; lastKnownFileType = image.png; path = bar_item_about.png; sourceTree = "<group>"; };
		DBF4773D1604AC3B007DDB88 /* bar_item_about@2x.png */ = {isa = PBXFileReference; lastKnownFileType = image.png; path = "bar_item_about@2x.png"; sourceTree = "<group>"; };
		DBF4773E1604AC3B007DDB88 /* bar_item_articles.png */ = {isa = PBXFileReference; lastKnownFileType = image.png; path = bar_item_articles.png; sourceTree = "<group>"; };
		DBF4773F1604AC3B007DDB88 /* bar_item_articles@2x.png */ = {isa = PBXFileReference; lastKnownFileType = image.png; path = "bar_item_articles@2x.png"; sourceTree = "<group>"; };
		DBF477401604AC3B007DDB88 /* bar_item_favoris.png */ = {isa = PBXFileReference; lastKnownFileType = image.png; path = bar_item_favoris.png; sourceTree = "<group>"; };
		DBF477411604AC3B007DDB88 /* bar_item_favoris@2x.png */ = {isa = PBXFileReference; lastKnownFileType = image.png; path = "bar_item_favoris@2x.png"; sourceTree = "<group>"; };
		DBF477421604AC3B007DDB88 /* bar_item_reglages.png */ = {isa = PBXFileReference; lastKnownFileType = image.png; path = bar_item_reglages.png; sourceTree = "<group>"; };
		DBF477431604AC3B007DDB88 /* bar_item_reglages@2x.png */ = {isa = PBXFileReference; lastKnownFileType = image.png; path = "bar_item_reglages@2x.png"; sourceTree = "<group>"; };
		DBF4774D1604C25A007DDB88 /* back.png */ = {isa = PBXFileReference; lastKnownFileType = image.png; path = back.png; sourceTree = "<group>"; };
		DBF4774E1604C25A007DDB88 /* forward.png */ = {isa = PBXFileReference; lastKnownFileType = image.png; path = forward.png; sourceTree = "<group>"; };
		DBF4774F1604C25A007DDB88 /* back@2x.png */ = {isa = PBXFileReference; lastKnownFileType = image.png; path = "back@2x.png"; sourceTree = "<group>"; };
		DBF477501604C25A007DDB88 /* forward@2x.png */ = {isa = PBXFileReference; lastKnownFileType = image.png; path = "forward@2x.png"; sourceTree = "<group>"; };
		DBF4778516061660007DDB88 /* FavoritesViewController.h */ = {isa = PBXFileReference; fileEncoding = 4; lastKnownFileType = sourcecode.c.h; path = FavoritesViewController.h; sourceTree = "<group>"; };
		DBF4778616061660007DDB88 /* FavoritesViewController.m */ = {isa = PBXFileReference; fileEncoding = 4; lastKnownFileType = sourcecode.c.objc; path = FavoritesViewController.m; sourceTree = "<group>"; };
		DBF4778816061AC1007DDB88 /* RSSChannelSelector.h */ = {isa = PBXFileReference; fileEncoding = 4; lastKnownFileType = sourcecode.c.h; path = RSSChannelSelector.h; sourceTree = "<group>"; };
		DBF4778916061AC1007DDB88 /* RSSChannelSelector.m */ = {isa = PBXFileReference; fileEncoding = 4; lastKnownFileType = sourcecode.c.objc; path = RSSChannelSelector.m; sourceTree = "<group>"; };
		DBF4779016062B55007DDB88 /* SettingsViewController.h */ = {isa = PBXFileReference; fileEncoding = 4; lastKnownFileType = sourcecode.c.h; path = SettingsViewController.h; sourceTree = "<group>"; };
		DBF4779116062B55007DDB88 /* SettingsViewController.m */ = {isa = PBXFileReference; fileEncoding = 4; lastKnownFileType = sourcecode.c.objc; path = SettingsViewController.m; sourceTree = "<group>"; };
		DBF4779716065CFF007DDB88 /* about.png */ = {isa = PBXFileReference; lastKnownFileType = image.png; path = about.png; sourceTree = "<group>"; };
		DBF47799160660C6007DDB88 /* loading_rss@2x.png */ = {isa = PBXFileReference; lastKnownFileType = image.png; path = "loading_rss@2x.png"; sourceTree = "<group>"; };
		DBF4779A160660C6007DDB88 /* loading_rss.png */ = {isa = PBXFileReference; lastKnownFileType = image.png; path = loading_rss.png; sourceTree = "<group>"; };
		DBF4779D160662FF007DDB88 /* actualites.png */ = {isa = PBXFileReference; lastKnownFileType = image.png; path = actualites.png; sourceTree = "<group>"; };
		DBF4779E160662FF007DDB88 /* economie.png */ = {isa = PBXFileReference; lastKnownFileType = image.png; path = economie.png; sourceTree = "<group>"; };
		DBF4779F160662FF007DDB88 /* international.png */ = {isa = PBXFileReference; lastKnownFileType = image.png; path = international.png; sourceTree = "<group>"; };
		DBF477A0160662FF007DDB88 /* politique.png */ = {isa = PBXFileReference; lastKnownFileType = image.png; path = politique.png; sourceTree = "<group>"; };
		DBF477A1160662FF007DDB88 /* politique@2x.png */ = {isa = PBXFileReference; lastKnownFileType = image.png; path = "politique@2x.png"; sourceTree = "<group>"; };
		DBF477A2160662FF007DDB88 /* culture.png */ = {isa = PBXFileReference; lastKnownFileType = image.png; path = culture.png; sourceTree = "<group>"; };
		DBF477A3160662FF007DDB88 /* litterature@2x.png */ = {isa = PBXFileReference; lastKnownFileType = image.png; path = "litterature@2x.png"; sourceTree = "<group>"; };
		DBF477A4160662FF007DDB88 /* sport.png */ = {isa = PBXFileReference; lastKnownFileType = image.png; path = sport.png; sourceTree = "<group>"; };
		DBF477A5160662FF007DDB88 /* Litterature.png */ = {isa = PBXFileReference; lastKnownFileType = image.png; path = Litterature.png; sourceTree = "<group>"; };
		DBF477A6160662FF007DDB88 /* economie@2x.png */ = {isa = PBXFileReference; lastKnownFileType = image.png; path = "economie@2x.png"; sourceTree = "<group>"; };
		DBF477A7160662FF007DDB88 /* culture@2x.png */ = {isa = PBXFileReference; lastKnownFileType = image.png; path = "culture@2x.png"; sourceTree = "<group>"; };
		DBF477A8160662FF007DDB88 /* actualites@2x.png */ = {isa = PBXFileReference; lastKnownFileType = image.png; path = "actualites@2x.png"; sourceTree = "<group>"; };
		DBF477A9160662FF007DDB88 /* sport@2x.png */ = {isa = PBXFileReference; lastKnownFileType = image.png; path = "sport@2x.png"; sourceTree = "<group>"; };
		DBF477AA160662FF007DDB88 /* international@2x.png */ = {isa = PBXFileReference; lastKnownFileType = image.png; path = "international@2x.png"; sourceTree = "<group>"; };
		DBF477B91606656E007DDB88 /* technologie.png */ = {isa = PBXFileReference; lastKnownFileType = image.png; path = technologie.png; sourceTree = "<group>"; };
		DBF477BA1606656E007DDB88 /* technologie@2x.png */ = {isa = PBXFileReference; lastKnownFileType = image.png; path = "technologie@2x.png"; sourceTree = "<group>"; };
		DBFCC5DB15FF4F8F00D204A8 /* iReader-RSS.app */ = {isa = PBXFileReference; explicitFileType = wrapper.application; includeInIndex = 0; path = "iReader-RSS.app"; sourceTree = BUILT_PRODUCTS_DIR; };
		DBFCC5DF15FF4F8F00D204A8 /* UIKit.framework */ = {isa = PBXFileReference; lastKnownFileType = wrapper.framework; name = UIKit.framework; path = System/Library/Frameworks/UIKit.framework; sourceTree = SDKROOT; };
		DBFCC5E115FF4F8F00D204A8 /* Foundation.framework */ = {isa = PBXFileReference; lastKnownFileType = wrapper.framework; name = Foundation.framework; path = System/Library/Frameworks/Foundation.framework; sourceTree = SDKROOT; };
		DBFCC5E315FF4F8F00D204A8 /* CoreGraphics.framework */ = {isa = PBXFileReference; lastKnownFileType = wrapper.framework; name = CoreGraphics.framework; path = System/Library/Frameworks/CoreGraphics.framework; sourceTree = SDKROOT; };
		DBFCC5E715FF4F8F00D204A8 /* iReader-RSS-Info.plist */ = {isa = PBXFileReference; lastKnownFileType = text.plist.xml; path = "iReader-RSS-Info.plist"; sourceTree = "<group>"; };
		DBFCC5E915FF4F8F00D204A8 /* en */ = {isa = PBXFileReference; lastKnownFileType = text.plist.strings; name = en; path = en.lproj/InfoPlist.strings; sourceTree = "<group>"; };
		DBFCC5EB15FF4F8F00D204A8 /* main.m */ = {isa = PBXFileReference; lastKnownFileType = sourcecode.c.objc; path = main.m; sourceTree = "<group>"; };
		DBFCC5ED15FF4F8F00D204A8 /* iReader-RSS-Prefix.pch */ = {isa = PBXFileReference; lastKnownFileType = sourcecode.c.h; path = "iReader-RSS-Prefix.pch"; sourceTree = "<group>"; };
		DBFCC5EE15FF4F8F00D204A8 /* AppDelegate.h */ = {isa = PBXFileReference; lastKnownFileType = sourcecode.c.h; path = AppDelegate.h; sourceTree = "<group>"; };
		DBFCC5EF15FF4F8F00D204A8 /* AppDelegate.m */ = {isa = PBXFileReference; lastKnownFileType = sourcecode.c.objc; path = AppDelegate.m; sourceTree = "<group>"; };
		DBFCC5F215FF4F8F00D204A8 /* en */ = {isa = PBXFileReference; lastKnownFileType = file.storyboard; name = en; path = en.lproj/MainStoryboard.storyboard; sourceTree = "<group>"; };
		DBFCC5FD15FF502500D204A8 /* RssLoader.h */ = {isa = PBXFileReference; fileEncoding = 4; lastKnownFileType = sourcecode.c.h; name = RssLoader.h; path = Model/RssLoader.h; sourceTree = "<group>"; };
		DBFCC5FE15FF502500D204A8 /* RssLoader.m */ = {isa = PBXFileReference; fileEncoding = 4; lastKnownFileType = sourcecode.c.objc; name = RssLoader.m; path = Model/RssLoader.m; sourceTree = "<group>"; };
		DBFCC61415FF674600D204A8 /* RssItem.h */ = {isa = PBXFileReference; fileEncoding = 4; lastKnownFileType = sourcecode.c.h; name = RssItem.h; path = Model/RssItem.h; sourceTree = "<group>"; };
		DBFCC61515FF674600D204A8 /* RssItem.m */ = {isa = PBXFileReference; fileEncoding = 4; lastKnownFileType = sourcecode.c.objc; name = RssItem.m; path = Model/RssItem.m; sourceTree = "<group>"; };
		DBFCC61715FF70F000D204A8 /* libxml2.dylib */ = {isa = PBXFileReference; lastKnownFileType = "compiled.mach-o.dylib"; name = libxml2.dylib; path = usr/lib/libxml2.dylib; sourceTree = SDKROOT; };
/* End PBXFileReference section */

/* Begin PBXFrameworksBuildPhase section */
		DBFCC5D815FF4F8F00D204A8 /* Frameworks */ = {
			isa = PBXFrameworksBuildPhase;
			buildActionMask = 2147483647;
			files = (
				DBFCC61815FF70F000D204A8 /* libxml2.dylib in Frameworks */,
				DBFCC5E015FF4F8F00D204A8 /* UIKit.framework in Frameworks */,
				DBFCC5E215FF4F8F00D204A8 /* Foundation.framework in Frameworks */,
				DBFCC5E415FF4F8F00D204A8 /* CoreGraphics.framework in Frameworks */,
			);
			runOnlyForDeploymentPostprocessing = 0;
		};
/* End PBXFrameworksBuildPhase section */

/* Begin PBXGroup section */
		DB15B20615FFC4FB006494AD /* APIs */ = {
			isa = PBXGroup;
			children = (
				DB15B20715FFC4FB006494AD /* TouchXML */,
			);
			path = APIs;
			sourceTree = "<group>";
		};
		DB15B20715FFC4FB006494AD /* TouchXML */ = {
			isa = PBXGroup;
			children = (
				DB15B20815FFC4FB006494AD /* Source */,
			);
			path = TouchXML;
			sourceTree = "<group>";
		};
		DB15B20815FFC4FB006494AD /* Source */ = {
			isa = PBXGroup;
			children = (
				DB15B20915FFC4FB006494AD /* Creation */,
				DB15B20E15FFC4FB006494AD /* CXHTMLDocument.h */,
				DB15B20F15FFC4FB006494AD /* CXHTMLDocument.m */,
				DB15B21015FFC4FB006494AD /* CXMLDocument.h */,
				DB15B21115FFC4FB006494AD /* CXMLDocument.m */,
				DB15B21215FFC4FB006494AD /* CXMLDocument_PrivateExtensions.h */,
				DB15B21315FFC4FB006494AD /* CXMLDocument_PrivateExtensions.m */,
				DB15B21415FFC4FB006494AD /* CXMLElement.h */,
				DB15B21515FFC4FB006494AD /* CXMLElement.m */,
				DB15B21615FFC4FB006494AD /* CXMLElement_CreationExtensions.h */,
				DB15B21715FFC4FB006494AD /* CXMLElement_CreationExtensions.m */,
				DB15B21815FFC4FB006494AD /* CXMLElement_ElementTreeExtensions.h */,
				DB15B21915FFC4FB006494AD /* CXMLElement_ElementTreeExtensions.m */,
				DB15B21A15FFC4FB006494AD /* CXMLNamespaceNode.h */,
				DB15B21B15FFC4FB006494AD /* CXMLNamespaceNode.m */,
				DB15B21C15FFC4FB006494AD /* CXMLNode.h */,
				DB15B21D15FFC4FB006494AD /* CXMLNode.m */,
				DB15B21E15FFC4FB006494AD /* CXMLNode_PrivateExtensions.h */,
				DB15B21F15FFC4FB006494AD /* CXMLNode_PrivateExtensions.m */,
				DB15B22015FFC4FB006494AD /* CXMLNode_XPathExtensions.h */,
				DB15B22115FFC4FB006494AD /* CXMLNode_XPathExtensions.m */,
				DB15B22215FFC4FB006494AD /* Tidy */,
				DB15B22515FFC4FB006494AD /* TouchXML.h */,
			);
			path = Source;
			sourceTree = "<group>";
		};
		DB15B20915FFC4FB006494AD /* Creation */ = {
			isa = PBXGroup;
			children = (
				DB15B20A15FFC4FB006494AD /* CXMLDocument_CreationExtensions.h */,
				DB15B20B15FFC4FB006494AD /* CXMLDocument_CreationExtensions.m */,
				DB15B20C15FFC4FB006494AD /* CXMLNode_CreationExtensions.h */,
				DB15B20D15FFC4FB006494AD /* CXMLNode_CreationExtensions.m */,
			);
			path = Creation;
			sourceTree = "<group>";
		};
		DB15B22215FFC4FB006494AD /* Tidy */ = {
			isa = PBXGroup;
			children = (
				DB15B22315FFC4FB006494AD /* CTidy.h */,
				DB15B22415FFC4FB006494AD /* CTidy.m */,
			);
			path = Tidy;
			sourceTree = "<group>";
		};
		DB5F836E15FFD5D100F7A495 /* RootViewController */ = {
			isa = PBXGroup;
			children = (
				DB5F836415FFCD7100F7A495 /* RootViewController.h */,
				DB5F836515FFCD7100F7A495 /* RootViewController.m */,
			);
			name = RootViewController;
			sourceTree = "<group>";
		};
		DB5F836F15FFD5DF00F7A495 /* DetailViewController */ = {
			isa = PBXGroup;
			children = (
				DB5F836B15FFD5C200F7A495 /* DetailViewController.h */,
				DB5F836C15FFD5C200F7A495 /* DetailViewController.m */,
			);
			name = DetailViewController;
			sourceTree = "<group>";
		};
		DB5F837015FFD5F400F7A495 /* Controller */ = {
			isa = PBXGroup;
			children = (
				DBF477551605EEAA007DDB88 /* AboutViewController */,
				DBC2722E160141AF00782B44 /* SettingsViewController */,
				DBC2722C1601414A00782B44 /* FavsViewController */,
				DB5F836E15FFD5D100F7A495 /* RootViewController */,
				DB5F836F15FFD5DF00F7A495 /* DetailViewController */,
			);
			name = Controller;
			sourceTree = "<group>";
		};
		DB5F837115FFD5FF00F7A495 /* View */ = {
			isa = PBXGroup;
			children = (
				DBF4779616063808007DDB88 /* ChannelCell */,
				DBFCC5F115FF4F8F00D204A8 /* MainStoryboard.storyboard */,
				DBF477561605EF2A007DDB88 /* LoadingCell */,
				DBC272351601465700782B44 /* RssItemCell */,
				DBC2723616014F0E00782B44 /* ressources */,
			);
			name = View;
			sourceTree = "<group>";
		};
		DBC232DA1601151000B5A8AF /* Helpers */ = {
			isa = PBXGroup;
			children = (
				DBFCC5DE15FF4F8F00D204A8 /* Frameworks */,
				DB15B20615FFC4FB006494AD /* APIs */,
				DBC232DB1601151C00B5A8AF /* Category */,
			);
			name = Helpers;
			sourceTree = "<group>";
		};
		DBC232DB1601151C00B5A8AF /* Category */ = {
			isa = PBXGroup;
			children = (
				DB3F33EB1600EB4A00197CE0 /* GTMNSString+HTML.h */,
				DB3F33EC1600EB4A00197CE0 /* GTMNSString+HTML.m */,
			);
			name = Category;
			sourceTree = "<group>";
		};
		DBC2722C1601414A00782B44 /* FavsViewController */ = {
			isa = PBXGroup;
			children = (
				DBF4778516061660007DDB88 /* FavoritesViewController.h */,
				DBF4778616061660007DDB88 /* FavoritesViewController.m */,
			);
			name = FavsViewController;
			sourceTree = "<group>";
		};
		DBC2722E160141AF00782B44 /* SettingsViewController */ = {
			isa = PBXGroup;
			children = (
				DBF4779016062B55007DDB88 /* SettingsViewController.h */,
				DBF4779116062B55007DDB88 /* SettingsViewController.m */,
			);
			name = SettingsViewController;
			sourceTree = "<group>";
		};
		DBC272351601465700782B44 /* RssItemCell */ = {
			isa = PBXGroup;
			children = (
				DBC2722F1601445B00782B44 /* RssItemCell.xib */,
				DBC272311601461100782B44 /* RssItemCell.h */,
				DBC272321601461100782B44 /* RssItemCell.m */,
			);
			name = RssItemCell;
			sourceTree = "<group>";
		};
		DBC2723616014F0E00782B44 /* ressources */ = {
			isa = PBXGroup;
			children = (
				DBF477B91606656E007DDB88 /* technologie.png */,
				DBF477BA1606656E007DDB88 /* technologie@2x.png */,
				DBF4779D160662FF007DDB88 /* actualites.png */,
				DBF4779E160662FF007DDB88 /* economie.png */,
				DBF4779F160662FF007DDB88 /* international.png */,
				DBF477A0160662FF007DDB88 /* politique.png */,
				DBF477A1160662FF007DDB88 /* politique@2x.png */,
				DBF477A2160662FF007DDB88 /* culture.png */,
				DBF477A3160662FF007DDB88 /* litterature@2x.png */,
				DBF477A4160662FF007DDB88 /* sport.png */,
				DBF477A5160662FF007DDB88 /* Litterature.png */,
				DBF477A6160662FF007DDB88 /* economie@2x.png */,
				DBF477A7160662FF007DDB88 /* culture@2x.png */,
				DBF477A8160662FF007DDB88 /* actualites@2x.png */,
				DBF477A9160662FF007DDB88 /* sport@2x.png */,
				DBF477AA160662FF007DDB88 /* international@2x.png */,
				DBF47799160660C6007DDB88 /* loading_rss@2x.png */,
				DBF4779A160660C6007DDB88 /* loading_rss.png */,
				DBF4779716065CFF007DDB88 /* about.png */,
				DBF4774D1604C25A007DDB88 /* back.png */,
				DBF4774E1604C25A007DDB88 /* forward.png */,
				DBF4774F1604C25A007DDB88 /* back@2x.png */,
				DBF477501604C25A007DDB88 /* forward@2x.png */,
				DBF4773C1604AC3B007DDB88 /* bar_item_about.png */,
				DBF4773D1604AC3B007DDB88 /* bar_item_about@2x.png */,
				DBF4773E1604AC3B007DDB88 /* bar_item_articles.png */,
				DBF4773F1604AC3B007DDB88 /* bar_item_articles@2x.png */,
				DBF477401604AC3B007DDB88 /* bar_item_favoris.png */,
				DBF477411604AC3B007DDB88 /* bar_item_favoris@2x.png */,
				DBF477421604AC3B007DDB88 /* bar_item_reglages.png */,
				DBF477431604AC3B007DDB88 /* bar_item_reglages@2x.png */,
				DBC2723716014F1E00782B44 /* enclosure_mask@2px.png */,
				DBC2723816014F1E00782B44 /* enclosure_mask.png */,
			);
			name = ressources;
			sourceTree = "<group>";
		};
		DBF477551605EEAA007DDB88 /* AboutViewController */ = {
			isa = PBXGroup;
			children = (
			);
			name = AboutViewController;
			sourceTree = "<group>";
		};
		DBF477561605EF2A007DDB88 /* LoadingCell */ = {
			isa = PBXGroup;
			children = (
				DB3F33D31600BF9400197CE0 /* LoadingCell.xib */,
			);
			name = LoadingCell;
			sourceTree = "<group>";
		};
		DBF4779616063808007DDB88 /* ChannelCell */ = {
			isa = PBXGroup;
			children = (
			);
			name = ChannelCell;
			sourceTree = "<group>";
		};
		DBFCC5D015FF4F8F00D204A8 = {
			isa = PBXGroup;
			children = (
				DBFCC5E515FF4F8F00D204A8 /* iReader-RSS */,
				DBFCC5DC15FF4F8F00D204A8 /* Products */,
			);
			sourceTree = "<group>";
		};
		DBFCC5DC15FF4F8F00D204A8 /* Products */ = {
			isa = PBXGroup;
			children = (
				DBFCC5DB15FF4F8F00D204A8 /* iReader-RSS.app */,
			);
			name = Products;
			sourceTree = "<group>";
		};
		DBFCC5DE15FF4F8F00D204A8 /* Frameworks */ = {
			isa = PBXGroup;
			children = (
				DBFCC61715FF70F000D204A8 /* libxml2.dylib */,
				DBFCC5DF15FF4F8F00D204A8 /* UIKit.framework */,
				DBFCC5E115FF4F8F00D204A8 /* Foundation.framework */,
				DBFCC5E315FF4F8F00D204A8 /* CoreGraphics.framework */,
			);
			name = Frameworks;
			path = ..;
			sourceTree = "<group>";
		};
		DBFCC5E515FF4F8F00D204A8 /* iReader-RSS */ = {
			isa = PBXGroup;
			children = (
				DBFCC5EE15FF4F8F00D204A8 /* AppDelegate.h */,
				DBFCC5EF15FF4F8F00D204A8 /* AppDelegate.m */,
				DBFCC5FC15FF4FA200D204A8 /* Model */,
				DB5F837015FFD5F400F7A495 /* Controller */,
				DB5F837115FFD5FF00F7A495 /* View */,
				DBFCC5E615FF4F8F00D204A8 /* Supporting Files */,
			);
			path = "iReader-RSS";
			sourceTree = "<group>";
		};
		DBFCC5E615FF4F8F00D204A8 /* Supporting Files */ = {
			isa = PBXGroup;
			children = (
				DBC232DA1601151000B5A8AF /* Helpers */,
				DBFCC5E715FF4F8F00D204A8 /* iReader-RSS-Info.plist */,
				DBFCC5E815FF4F8F00D204A8 /* InfoPlist.strings */,
				DBFCC5EB15FF4F8F00D204A8 /* main.m */,
				DBFCC5ED15FF4F8F00D204A8 /* iReader-RSS-Prefix.pch */,
			);
			name = "Supporting Files";
			sourceTree = "<group>";
		};
		DBFCC5FC15FF4FA200D204A8 /* Model */ = {
			isa = PBXGroup;
			children = (
				DBFCC5FD15FF502500D204A8 /* RssLoader.h */,
				DBFCC5FE15FF502500D204A8 /* RssLoader.m */,
				DBFCC61515FF674600D204A8 /* RssItem.m */,
				DBFCC61415FF674600D204A8 /* RssItem.h */,
				DBF4778816061AC1007DDB88 /* RSSChannelSelector.h */,
				DBF4778916061AC1007DDB88 /* RSSChannelSelector.m */,
			);
			name = Model;
			sourceTree = "<group>";
		};
/* End PBXGroup section */

/* Begin PBXNativeTarget section */
		DBFCC5DA15FF4F8F00D204A8 /* iReader-RSS */ = {
			isa = PBXNativeTarget;
			buildConfigurationList = DBFCC5F915FF4F8F00D204A8 /* Build configuration list for PBXNativeTarget "iReader-RSS" */;
			buildPhases = (
				DBFCC5D715FF4F8F00D204A8 /* Sources */,
				DBFCC5D815FF4F8F00D204A8 /* Frameworks */,
				DBFCC5D915FF4F8F00D204A8 /* Resources */,
			);
			buildRules = (
			);
			dependencies = (
			);
			name = "iReader-RSS";
			productName = "iReader-RSS";
			productReference = DBFCC5DB15FF4F8F00D204A8 /* iReader-RSS.app */;
			productType = "com.apple.product-type.application";
		};
/* End PBXNativeTarget section */

/* Begin PBXProject section */
		DBFCC5D215FF4F8F00D204A8 /* Project object */ = {
			isa = PBXProject;
			attributes = {
				LastUpgradeCheck = 0450;
				ORGANIZATIONNAME = "Julien Sarazin";
			};
			buildConfigurationList = DBFCC5D515FF4F8F00D204A8 /* Build configuration list for PBXProject "iReader-RSS" */;
			compatibilityVersion = "Xcode 3.2";
			developmentRegion = English;
			hasScannedForEncodings = 0;
			knownRegions = (
				en,
			);
			mainGroup = DBFCC5D015FF4F8F00D204A8;
			productRefGroup = DBFCC5DC15FF4F8F00D204A8 /* Products */;
			projectDirPath = "";
			projectRoot = "";
			targets = (
				DBFCC5DA15FF4F8F00D204A8 /* iReader-RSS */,
			);
		};
/* End PBXProject section */

/* Begin PBXResourcesBuildPhase section */
		DBFCC5D915FF4F8F00D204A8 /* Resources */ = {
			isa = PBXResourcesBuildPhase;
			buildActionMask = 2147483647;
			files = (
				DBFCC5EA15FF4F8F00D204A8 /* InfoPlist.strings in Resources */,
				DBFCC5F315FF4F8F00D204A8 /* MainStoryboard.storyboard in Resources */,
				DB3F33D41600BF9400197CE0 /* LoadingCell.xib in Resources */,
				DBC272301601445B00782B44 /* RssItemCell.xib in Resources */,
				DBC2723916014F1E00782B44 /* enclosure_mask@2px.png in Resources */,
				DBC2723A16014F1E00782B44 /* enclosure_mask.png in Resources */,
				DBF477441604AC3B007DDB88 /* bar_item_about.png in Resources */,
				DBF477451604AC3B007DDB88 /* bar_item_about@2x.png in Resources */,
				DBF477461604AC3B007DDB88 /* bar_item_articles.png in Resources */,
				DBF477471604AC3B007DDB88 /* bar_item_articles@2x.png in Resources */,
				DBF477481604AC3B007DDB88 /* bar_item_favoris.png in Resources */,
				DBF477491604AC3B007DDB88 /* bar_item_favoris@2x.png in Resources */,
				DBF4774A1604AC3B007DDB88 /* bar_item_reglages.png in Resources */,
				DBF4774B1604AC3B007DDB88 /* bar_item_reglages@2x.png in Resources */,
				DBF477511604C25A007DDB88 /* back.png in Resources */,
				DBF477521604C25A007DDB88 /* forward.png in Resources */,
				DBF477531604C25A007DDB88 /* back@2x.png in Resources */,
				DBF477541604C25A007DDB88 /* forward@2x.png in Resources */,
				DBF4779816065CFF007DDB88 /* about.png in Resources */,
				DBF4779B160660C6007DDB88 /* loading_rss@2x.png in Resources */,
				DBF4779C160660C6007DDB88 /* loading_rss.png in Resources */,
				DBF477AB160662FF007DDB88 /* actualites.png in Resources */,
				DBF477AC160662FF007DDB88 /* economie.png in Resources */,
				DBF477AD160662FF007DDB88 /* international.png in Resources */,
				DBF477AE160662FF007DDB88 /* politique.png in Resources */,
				DBF477AF160662FF007DDB88 /* politique@2x.png in Resources */,
				DBF477B0160662FF007DDB88 /* culture.png in Resources */,
				DBF477B1160662FF007DDB88 /* litterature@2x.png in Resources */,
				DBF477B2160662FF007DDB88 /* sport.png in Resources */,
				DBF477B3160662FF007DDB88 /* Litterature.png in Resources */,
				DBF477B4160662FF007DDB88 /* economie@2x.png in Resources */,
				DBF477B5160662FF007DDB88 /* culture@2x.png in Resources */,
				DBF477B6160662FF007DDB88 /* actualites@2x.png in Resources */,
				DBF477B7160662FF007DDB88 /* sport@2x.png in Resources */,
				DBF477B8160662FF007DDB88 /* international@2x.png in Resources */,
				DBF477BB1606656E007DDB88 /* technologie.png in Resources */,
				DBF477BC1606656E007DDB88 /* technologie@2x.png in Resources */,
			);
			runOnlyForDeploymentPostprocessing = 0;
		};
/* End PBXResourcesBuildPhase section */

/* Begin PBXSourcesBuildPhase section */
		DBFCC5D715FF4F8F00D204A8 /* Sources */ = {
			isa = PBXSourcesBuildPhase;
			buildActionMask = 2147483647;
			files = (
				DBFCC5EC15FF4F8F00D204A8 /* main.m in Sources */,
				DBFCC5F015FF4F8F00D204A8 /* AppDelegate.m in Sources */,
				DBFCC5FF15FF502500D204A8 /* RssLoader.m in Sources */,
				DBFCC61615FF674600D204A8 /* RssItem.m in Sources */,
				DB15B22615FFC4FB006494AD /* CXMLDocument_CreationExtensions.m in Sources */,
				DB15B22715FFC4FB006494AD /* CXMLNode_CreationExtensions.m in Sources */,
				DB15B22815FFC4FB006494AD /* CXHTMLDocument.m in Sources */,
				DB15B22915FFC4FB006494AD /* CXMLDocument.m in Sources */,
				DB15B22A15FFC4FB006494AD /* CXMLDocument_PrivateExtensions.m in Sources */,
				DB15B22B15FFC4FB006494AD /* CXMLElement.m in Sources */,
				DB15B22C15FFC4FB006494AD /* CXMLElement_CreationExtensions.m in Sources */,
				DB15B22D15FFC4FB006494AD /* CXMLElement_ElementTreeExtensions.m in Sources */,
				DB15B22E15FFC4FB006494AD /* CXMLNamespaceNode.m in Sources */,
				DB15B22F15FFC4FB006494AD /* CXMLNode.m in Sources */,
				DB15B23015FFC4FB006494AD /* CXMLNode_PrivateExtensions.m in Sources */,
				DB15B23115FFC4FB006494AD /* CXMLNode_XPathExtensions.m in Sources */,
				DB15B23215FFC4FB006494AD /* CTidy.m in Sources */,
				DB5F836615FFCD7100F7A495 /* RootViewController.m in Sources */,
				DB5F836D15FFD5C200F7A495 /* DetailViewController.m in Sources */,
				DB3F33ED1600EB4A00197CE0 /* GTMNSString+HTML.m in Sources */,
				DBC272331601461100782B44 /* RssItemCell.m in Sources */,
				DBF4778716061660007DDB88 /* FavoritesViewController.m in Sources */,
				DBF4778A16061AC1007DDB88 /* RSSChannelSelector.m in Sources */,
				DBF4779216062B55007DDB88 /* SettingsViewController.m in Sources */,
			);
			runOnlyForDeploymentPostprocessing = 0;
		};
/* End PBXSourcesBuildPhase section */

/* Begin PBXVariantGroup section */
		DBFCC5E815FF4F8F00D204A8 /* InfoPlist.strings */ = {
			isa = PBXVariantGroup;
			children = (
				DBFCC5E915FF4F8F00D204A8 /* en */,
			);
			name = InfoPlist.strings;
			sourceTree = "<group>";
		};
		DBFCC5F115FF4F8F00D204A8 /* MainStoryboard.storyboard */ = {
			isa = PBXVariantGroup;
			children = (
				DBFCC5F215FF4F8F00D204A8 /* en */,
			);
			name = MainStoryboard.storyboard;
			sourceTree = "<group>";
		};
/* End PBXVariantGroup section */

/* Begin XCBuildConfiguration section */
		DBFCC5F715FF4F8F00D204A8 /* Debug */ = {
			isa = XCBuildConfiguration;
			buildSettings = {
				ALWAYS_SEARCH_USER_PATHS = NO;
				CLANG_CXX_LANGUAGE_STANDARD = "gnu++0x";
				CLANG_CXX_LIBRARY = "libc++";
				CLANG_ENABLE_OBJC_ARC = YES;
				CLANG_WARN__DUPLICATE_METHOD_MATCH = YES;
				"CODE_SIGN_IDENTITY[sdk=iphoneos*]" = "iPhone Developer";
				COPY_PHASE_STRIP = NO;
				GCC_C_LANGUAGE_STANDARD = gnu99;
				GCC_DYNAMIC_NO_PIC = NO;
				GCC_OPTIMIZATION_LEVEL = 0;
				GCC_PREPROCESSOR_DEFINITIONS = (
					"DEBUG=1",
					"$(inherited)",
				);
				GCC_SYMBOLS_PRIVATE_EXTERN = NO;
				GCC_WARN_ABOUT_RETURN_TYPE = YES;
				GCC_WARN_UNINITIALIZED_AUTOS = YES;
				GCC_WARN_UNUSED_VARIABLE = YES;
				IPHONEOS_DEPLOYMENT_TARGET = 6.0;
				SDKROOT = iphoneos;
			};
			name = Debug;
		};
		DBFCC5F815FF4F8F00D204A8 /* Release */ = {
			isa = XCBuildConfiguration;
			buildSettings = {
				ALWAYS_SEARCH_USER_PATHS = NO;
				CLANG_CXX_LANGUAGE_STANDARD = "gnu++0x";
				CLANG_CXX_LIBRARY = "libc++";
				CLANG_ENABLE_OBJC_ARC = YES;
				CLANG_WARN__DUPLICATE_METHOD_MATCH = YES;
				"CODE_SIGN_IDENTITY[sdk=iphoneos*]" = "iPhone Developer";
				COPY_PHASE_STRIP = YES;
				GCC_C_LANGUAGE_STANDARD = gnu99;
				GCC_WARN_ABOUT_RETURN_TYPE = YES;
				GCC_WARN_UNINITIALIZED_AUTOS = YES;
				GCC_WARN_UNUSED_VARIABLE = YES;
				IPHONEOS_DEPLOYMENT_TARGET = 6.0;
				OTHER_CFLAGS = "-DNS_BLOCK_ASSERTIONS=1";
				SDKROOT = iphoneos;
				VALIDATE_PRODUCT = YES;
			};
			name = Release;
		};
		DBFCC5FA15FF4F8F00D204A8 /* Debug */ = {
			isa = XCBuildConfiguration;
			buildSettings = {
				GCC_PRECOMPILE_PREFIX_HEADER = YES;
				GCC_PREFIX_HEADER = "iReader-RSS/iReader-RSS-Prefix.pch";
				HEADER_SEARCH_PATHS = /usr/include/libxml2;
				INFOPLIST_FILE = "iReader-RSS/iReader-RSS-Info.plist";
				OTHER_LDFLAGS = "-lxml2";
				PRODUCT_NAME = "$(TARGET_NAME)";
				WRAPPER_EXTENSION = app;
			};
			name = Debug;
		};
		DBFCC5FB15FF4F8F00D204A8 /* Release */ = {
			isa = XCBuildConfiguration;
			buildSettings = {
				GCC_PRECOMPILE_PREFIX_HEADER = YES;
				GCC_PREFIX_HEADER = "iReader-RSS/iReader-RSS-Prefix.pch";
				HEADER_SEARCH_PATHS = /usr/include/libxml2;
				INFOPLIST_FILE = "iReader-RSS/iReader-RSS-Info.plist";
				OTHER_LDFLAGS = "-lxml2";
				PRODUCT_NAME = "$(TARGET_NAME)";
				WRAPPER_EXTENSION = app;
			};
			name = Release;
		};
/* End XCBuildConfiguration section */

/* Begin XCConfigurationList section */
		DBFCC5D515FF4F8F00D204A8 /* Build configuration list for PBXProject "iReader-RSS" */ = {
			isa = XCConfigurationList;
			buildConfigurations = (
				DBFCC5F715FF4F8F00D204A8 /* Debug */,
				DBFCC5F815FF4F8F00D204A8 /* Release */,
			);
			defaultConfigurationIsVisible = 0;
			defaultConfigurationName = Release;
		};
		DBFCC5F915FF4F8F00D204A8 /* Build configuration list for PBXNativeTarget "iReader-RSS" */ = {
			isa = XCConfigurationList;
			buildConfigurations = (
				DBFCC5FA15FF4F8F00D204A8 /* Debug */,
				DBFCC5FB15FF4F8F00D204A8 /* Release */,
			);
			defaultConfigurationIsVisible = 0;
			defaultConfigurationName = Release;
		};
/* End XCConfigurationList section */
	};
	rootObject = DBFCC5D215FF4F8F00D204A8 /* Project object */;
}
